// !$*UTF8*$!
{
	archiveVersion = 1;
	classes = {
	};
	objectVersion = 46;
	objects = {

/* Begin PBXBuildFile section */
		18AEDCEB1DBF382F0068F83F /* AppDelegate.swift in Sources */ = {isa = PBXBuildFile; fileRef = 18AEDCEA1DBF382F0068F83F /* AppDelegate.swift */; };
		18AEDCED1DBF382F0068F83F /* ViewController.swift in Sources */ = {isa = PBXBuildFile; fileRef = 18AEDCEC1DBF382F0068F83F /* ViewController.swift */; };
		18AEDCF01DBF382F0068F83F /* Main.storyboard in Resources */ = {isa = PBXBuildFile; fileRef = 18AEDCEE1DBF382F0068F83F /* Main.storyboard */; };
		18AEDCF21DBF382F0068F83F /* Assets.xcassets in Resources */ = {isa = PBXBuildFile; fileRef = 18AEDCF11DBF382F0068F83F /* Assets.xcassets */; };
		18AEDCF51DBF382F0068F83F /* LaunchScreen.storyboard in Resources */ = {isa = PBXBuildFile; fileRef = 18AEDCF31DBF382F0068F83F /* LaunchScreen.storyboard */; };
		A3D97AC31178FBE3E3392538 /* Pods_AlamofireDemo.framework in Frameworks */ = {isa = PBXBuildFile; fileRef = 8E94DD2BEC71C124673125E0 /* Pods_AlamofireDemo.framework */; };
/* End PBXBuildFile section */

/* Begin PBXFileReference section */
		18AEDCE71DBF382F0068F83F /* AlamofireDemo.app */ = {isa = PBXFileReference; explicitFileType = wrapper.application; includeInIndex = 0; path = AlamofireDemo.app; sourceTree = BUILT_PRODUCTS_DIR; };
		18AEDCEA1DBF382F0068F83F /* AppDelegate.swift */ = {isa = PBXFileReference; lastKnownFileType = sourcecode.swift; path = AppDelegate.swift; sourceTree = "<group>"; };
		18AEDCEC1DBF382F0068F83F /* ViewController.swift */ = {isa = PBXFileReference; lastKnownFileType = sourcecode.swift; path = ViewController.swift; sourceTree = "<group>"; };
		18AEDCEF1DBF382F0068F83F /* Base */ = {isa = PBXFileReference; lastKnownFileType = file.storyboard; name = Base; path = Base.lproj/Main.storyboard; sourceTree = "<group>"; };
		18AEDCF11DBF382F0068F83F /* Assets.xcassets */ = {isa = PBXFileReference; lastKnownFileType = folder.assetcatalog; path = Assets.xcassets; sourceTree = "<group>"; };
		18AEDCF41DBF382F0068F83F /* Base */ = {isa = PBXFileReference; lastKnownFileType = file.storyboard; name = Base; path = Base.lproj/LaunchScreen.storyboard; sourceTree = "<group>"; };
		18AEDCF61DBF382F0068F83F /* Info.plist */ = {isa = PBXFileReference; lastKnownFileType = text.plist.xml; path = Info.plist; sourceTree = "<group>"; };
		579AAC03B8C4A81B2723DAC7 /* Pods-AlamofireDemo.release.xcconfig */ = {isa = PBXFileReference; includeInIndex = 1; lastKnownFileType = text.xcconfig; name = "Pods-AlamofireDemo.release.xcconfig"; path = "Pods/Target Support Files/Pods-AlamofireDemo/Pods-AlamofireDemo.release.xcconfig"; sourceTree = "<group>"; };
		8E94DD2BEC71C124673125E0 /* Pods_AlamofireDemo.framework */ = {isa = PBXFileReference; explicitFileType = wrapper.framework; includeInIndex = 0; path = Pods_AlamofireDemo.framework; sourceTree = BUILT_PRODUCTS_DIR; };
		F0103BC06DAF239E58126912 /* Pods-AlamofireDemo.debug.xcconfig */ = {isa = PBXFileReference; includeInIndex = 1; lastKnownFileType = text.xcconfig; name = "Pods-AlamofireDemo.debug.xcconfig"; path = "Pods/Target Support Files/Pods-AlamofireDemo/Pods-AlamofireDemo.debug.xcconfig"; sourceTree = "<group>"; };
/* End PBXFileReference section */

/* Begin PBXFrameworksBuildPhase section */
		18AEDCE41DBF382F0068F83F /* Frameworks */ = {
			isa = PBXFrameworksBuildPhase;
			buildActionMask = 2147483647;
			files = (
				A3D97AC31178FBE3E3392538 /* Pods_AlamofireDemo.framework in Frameworks */,
			);
			runOnlyForDeploymentPostprocessing = 0;
		};
/* End PBXFrameworksBuildPhase section */

/* Begin PBXGroup section */
		121507CE489976C1E78DBB8F /* Frameworks */ = {
			isa = PBXGroup;
			children = (
				8E94DD2BEC71C124673125E0 /* Pods_AlamofireDemo.framework */,
			);
			name = Frameworks;
			sourceTree = "<group>";
		};
		18AEDCDE1DBF382F0068F83F = {
			isa = PBXGroup;
			children = (
				18AEDCE91DBF382F0068F83F /* AlamofireDemo */,
				18AEDCE81DBF382F0068F83F /* Products */,
				BFFC27AF3B896BB5538EBA13 /* Pods */,
				121507CE489976C1E78DBB8F /* Frameworks */,
			);
			sourceTree = "<group>";
		};
		18AEDCE81DBF382F0068F83F /* Products */ = {
			isa = PBXGroup;
			children = (
				18AEDCE71DBF382F0068F83F /* AlamofireDemo.app */,
			);
			name = Products;
			sourceTree = "<group>";
		};
		18AEDCE91DBF382F0068F83F /* AlamofireDemo */ = {
			isa = PBXGroup;
			children = (
				18AEDCEA1DBF382F0068F83F /* AppDelegate.swift */,
				18AEDCEC1DBF382F0068F83F /* ViewController.swift */,
				18AEDCEE1DBF382F0068F83F /* Main.storyboard */,
				18AEDCF11DBF382F0068F83F /* Assets.xcassets */,
				18AEDCF31DBF382F0068F83F /* LaunchScreen.storyboard */,
				18AEDCF61DBF382F0068F83F /* Info.plist */,
			);
			path = AlamofireDemo;
			sourceTree = "<group>";
		};
		BFFC27AF3B896BB5538EBA13 /* Pods */ = {
			isa = PBXGroup;
			children = (
				F0103BC06DAF239E58126912 /* Pods-AlamofireDemo.debug.xcconfig */,
				579AAC03B8C4A81B2723DAC7 /* Pods-AlamofireDemo.release.xcconfig */,
			);
			name = Pods;
			sourceTree = "<group>";
		};
/* End PBXGroup section */

/* Begin PBXNativeTarget section */
		18AEDCE61DBF382F0068F83F /* AlamofireDemo */ = {
			isa = PBXNativeTarget;
			buildConfigurationList = 18AEDCF91DBF382F0068F83F /* Build configuration list for PBXNativeTarget "AlamofireDemo" */;
			buildPhases = (
				CBC64485B2209A8560BA38F4 /* [CP] Check Pods Manifest.lock */,
				18AEDCE31DBF382F0068F83F /* Sources */,
				18AEDCE41DBF382F0068F83F /* Frameworks */,
				18AEDCE51DBF382F0068F83F /* Resources */,
				6C15E374DD2BAAF5D88EEDE4 /* [CP] Embed Pods Frameworks */,
				300835A659551AD648430D37 /* [CP] Copy Pods Resources */,
			);
			buildRules = (
			);
			dependencies = (
			);
			name = AlamofireDemo;
			productName = AlamofireDemo;
			productReference = 18AEDCE71DBF382F0068F83F /* AlamofireDemo.app */;
			productType = "com.apple.product-type.application";
		};
/* End PBXNativeTarget section */

/* Begin PBXProject section */
		18AEDCDF1DBF382F0068F83F /* Project object */ = {
			isa = PBXProject;
			attributes = {
				LastSwiftUpdateCheck = 0800;
				LastUpgradeCheck = 0800;
				ORGANIZATIONNAME = BX;
				TargetAttributes = {
					18AEDCE61DBF382F0068F83F = {
						CreatedOnToolsVersion = 8.0;
						DevelopmentTeam = G55T33954N;
						ProvisioningStyle = Manual;
					};
				};
			};
			buildConfigurationList = 18AEDCE21DBF382F0068F83F /* Build configuration list for PBXProject "AlamofireDemo" */;
			compatibilityVersion = "Xcode 3.2";
			developmentRegion = English;
			hasScannedForEncodings = 0;
			knownRegions = (
				en,
				Base,
			);
			mainGroup = 18AEDCDE1DBF382F0068F83F;
			productRefGroup = 18AEDCE81DBF382F0068F83F /* Products */;
			projectDirPath = "";
			projectRoot = "";
			targets = (
				18AEDCE61DBF382F0068F83F /* AlamofireDemo */,
			);
		};
/* End PBXProject section */

/* Begin PBXResourcesBuildPhase section */
		18AEDCE51DBF382F0068F83F /* Resources */ = {
			isa = PBXResourcesBuildPhase;
			buildActionMask = 2147483647;
			files = (
				18AEDCF51DBF382F0068F83F /* LaunchScreen.storyboard in Resources */,
				18AEDCF21DBF382F0068F83F /* Assets.xcassets in Resources */,
				18AEDCF01DBF382F0068F83F /* Main.storyboard in Resources */,
			);
			runOnlyForDeploymentPostprocessing = 0;
		};
/* End PBXResourcesBuildPhase section */

/* Begin PBXShellScriptBuildPhase section */
		300835A659551AD648430D37 /* [CP] Copy Pods Resources */ = {
			isa = PBXShellScriptBuildPhase;
			buildActionMask = 2147483647;
			files = (
			);
			inputPaths = (
			);
			name = "[CP] Copy Pods Resources";
			outputPaths = (
			);
			runOnlyForDeploymentPostprocessing = 0;
			shellPath = /bin/sh;
			shellScript = "\"${SRCROOT}/Pods/Target Support Files/Pods-AlamofireDemo/Pods-AlamofireDemo-resources.sh\"\n";
			showEnvVarsInLog = 0;
		};
		6C15E374DD2BAAF5D88EEDE4 /* [CP] Embed Pods Frameworks */ = {
			isa = PBXShellScriptBuildPhase;
			buildActionMask = 2147483647;
			files = (
			);
			inputPaths = (
			);
			name = "[CP] Embed Pods Frameworks";
			outputPaths = (
			);
			runOnlyForDeploymentPostprocessing = 0;
			shellPath = /bin/sh;
			shellScript = "\"${SRCROOT}/Pods/Target Support Files/Pods-AlamofireDemo/Pods-AlamofireDemo-frameworks.sh\"\n";
			showEnvVarsInLog = 0;
		};
		CBC64485B2209A8560BA38F4 /* [CP] Check Pods Manifest.lock */ = {
			isa = PBXShellScriptBuildPhase;
			buildActionMask = 2147483647;
			files = (
			);
			inputPaths = (
			);
			name = "[CP] Check Pods Manifest.lock";
			outputPaths = (
			);
			runOnlyForDeploymentPostprocessing = 0;
			shellPath = /bin/sh;
			shellScript = "diff \"${PODS_ROOT}/../Podfile.lock\" \"${PODS_ROOT}/Manifest.lock\" > /dev/null\nif [ $? != 0 ] ; then\n    # print error to STDERR\n    echo \"error: The sandbox is not in sync with the Podfile.lock. Run 'pod install' or update your CocoaPods installation.\" >&2\n    exit 1\nfi\n";
			showEnvVarsInLog = 0;
		};
/* End PBXShellScriptBuildPhase section */

/* Begin PBXSourcesBuildPhase section */
		18AEDCE31DBF382F0068F83F /* Sources */ = {
			isa = PBXSourcesBuildPhase;
			buildActionMask = 2147483647;
			files = (
				18AEDCED1DBF382F0068F83F /* ViewController.swift in Sources */,
				18AEDCEB1DBF382F0068F83F /* AppDelegate.swift in Sources */,
			);
			runOnlyForDeploymentPostprocessing = 0;
		};
/* End PBXSourcesBuildPhase section */

/* Begin PBXVariantGroup section */
		18AEDCEE1DBF382F0068F83F /* Main.storyboard */ = {
			isa = PBXVariantGroup;
			children = (
				18AEDCEF1DBF382F0068F83F /* Base */,
			);
			name = Main.storyboard;
			sourceTree = "<group>";
		};
		18AEDCF31DBF382F0068F83F /* LaunchScreen.storyboard */ = {
			isa = PBXVariantGroup;
			children = (
				18AEDCF41DBF382F0068F83F /* Base */,
			);
			name = LaunchScreen.storyboard;
			sourceTree = "<group>";
		};
/* End PBXVariantGroup section */

/* Begin XCBuildConfiguration section */
		18AEDCF71DBF382F0068F83F /* Debug */ = {
			isa = XCBuildConfiguration;
			buildSettings = {
				ALWAYS_SEARCH_USER_PATHS = NO;
				CLANG_ANALYZER_NONNULL = YES;
				CLANG_CXX_LANGUAGE_STANDARD = "gnu++0x";
				CLANG_CXX_LIBRARY = "libc++";
				CLANG_ENABLE_MODULES = YES;
				CLANG_ENABLE_OBJC_ARC = YES;
				CLANG_WARN_BOOL_CONVERSION = YES;
				CLANG_WARN_CONSTANT_CONVERSION = YES;
				CLANG_WARN_DIRECT_OBJC_ISA_USAGE = YES_ERROR;
				CLANG_WARN_DOCUMENTATION_COMMENTS = YES;
				CLANG_WARN_EMPTY_BODY = YES;
				CLANG_WARN_ENUM_CONVERSION = YES;
				CLANG_WARN_INFINITE_RECURSION = YES;
				CLANG_WARN_INT_CONVERSION = YES;
				CLANG_WARN_OBJC_ROOT_CLASS = YES_ERROR;
				CLANG_WARN_SUSPICIOUS_MOVES = YES;
				CLANG_WARN_UNREACHABLE_CODE = YES;
				CLANG_WARN__DUPLICATE_METHOD_MATCH = YES;
				"CODE_SIGN_IDENTITY[sdk=iphoneos*]" = "iPhone Developer";
				COPY_PHASE_STRIP = NO;
				DEBUG_INFORMATION_FORMAT = dwarf;
				ENABLE_STRICT_OBJC_MSGSEND = YES;
				ENABLE_TESTABILITY = YES;
				GCC_C_LANGUAGE_STANDARD = gnu99;
				GCC_DYNAMIC_NO_PIC = NO;
				GCC_NO_COMMON_BLOCKS = YES;
				GCC_OPTIMIZATION_LEVEL = 0;
				GCC_PREPROCESSOR_DEFINITIONS = (
					"DEBUG=1",
					"$(inherited)",
				);
				GCC_WARN_64_TO_32_BIT_CONVERSION = YES;
				GCC_WARN_ABOUT_RETURN_TYPE = YES_ERROR;
				GCC_WARN_UNDECLARED_SELECTOR = YES;
				GCC_WARN_UNINITIALIZED_AUTOS = YES_AGGRESSIVE;
				GCC_WARN_UNUSED_FUNCTION = YES;
				GCC_WARN_UNUSED_VARIABLE = YES;
				IPHONEOS_DEPLOYMENT_TARGET = 10.0;
				MTL_ENABLE_DEBUG_INFO = YES;
				ONLY_ACTIVE_ARCH = YES;
				SDKROOT = iphoneos;
				SWIFT_ACTIVE_COMPILATION_CONDITIONS = DEBUG;
				SWIFT_OPTIMIZATION_LEVEL = "-Onone";
			};
			name = Debug;
		};
		18AEDCF81DBF382F0068F83F /* Release */ = {
			isa = XCBuildConfiguration;
			buildSettings = {
				ALWAYS_SEARCH_USER_PATHS = NO;
				CLANG_ANALYZER_NONNULL = YES;
				CLANG_CXX_LANGUAGE_STANDARD = "gnu++0x";
				CLANG_CXX_LIBRARY = "libc++";
				CLANG_ENABLE_MODULES = YES;
				CLANG_ENABLE_OBJC_ARC = YES;
				CLANG_WARN_BOOL_CONVERSION = YES;
				CLANG_WARN_CONSTANT_CONVERSION = YES;
				CLANG_WARN_DIRECT_OBJC_ISA_USAGE = YES_ERROR;
				CLANG_WARN_DOCUMENTATION_COMMENTS = YES;
				CLANG_WARN_EMPTY_BODY = YES;
				CLANG_WARN_ENUM_CONVERSION = YES;
				CLANG_WARN_INFINITE_RECURSION = YES;
				CLANG_WARN_INT_CONVERSION = YES;
				CLANG_WARN_OBJC_ROOT_CLASS = YES_ERROR;
				CLANG_WARN_SUSPICIOUS_MOVES = YES;
				CLANG_WARN_UNREACHABLE_CODE = YES;
				CLANG_WARN__DUPLICATE_METHOD_MATCH = YES;
				"CODE_SIGN_IDENTITY[sdk=iphoneos*]" = "iPhone Developer";
				COPY_PHASE_STRIP = NO;
				DEBUG_INFORMATION_FORMAT = "dwarf-with-dsym";
				ENABLE_NS_ASSERTIONS = NO;
				ENABLE_STRICT_OBJC_MSGSEND = YES;
				GCC_C_LANGUAGE_STANDARD = gnu99;
				GCC_NO_COMMON_BLOCKS = YES;
				GCC_WARN_64_TO_32_BIT_CONVERSION = YES;
				GCC_WARN_ABOUT_RETURN_TYPE = YES_ERROR;
				GCC_WARN_UNDECLARED_SELECTOR = YES;
				GCC_WARN_UNINITIALIZED_AUTOS = YES_AGGRESSIVE;
				GCC_WARN_UNUSED_FUNCTION = YES;
				GCC_WARN_UNUSED_VARIABLE = YES;
				IPHONEOS_DEPLOYMENT_TARGET = 10.0;
				MTL_ENABLE_DEBUG_INFO = NO;
				SDKROOT = iphoneos;
				SWIFT_OPTIMIZATION_LEVEL = "-Owholemodule";
				VALIDATE_PRODUCT = YES;
			};
			name = Release;
		};
		18AEDCFA1DBF382F0068F83F /* Debug */ = {
			isa = XCBuildConfiguration;
			baseConfigurationReference = F0103BC06DAF239E58126912 /* Pods-AlamofireDemo.debug.xcconfig */;
			buildSettings = {
				ASSETCATALOG_COMPILER_APPICON_NAME = AppIcon;
				DEVELOPMENT_TEAM = G55T33954N;
				INFOPLIST_FILE = AlamofireDemo/Info.plist;
				IPHONEOS_DEPLOYMENT_TARGET = 9.0;
				LD_RUNPATH_SEARCH_PATHS = "$(inherited) @executable_path/Frameworks";
				PRODUCT_BUNDLE_IDENTIFIER = baoxin.AlamofireDemo;
				PRODUCT_NAME = "$(TARGET_NAME)";
				PROVISIONING_PROFILE = "52b14746-2b75-4103-a7e4-33082b9977aa";
				PROVISIONING_PROFILE_SPECIFIER = DeveloperProfileiPhoneAndipad;
				SWIFT_VERSION = 3.0;
				TARGETED_DEVICE_FAMILY = "1,2";
			};
			name = Debug;
		};
		18AEDCFB1DBF382F0068F83F /* Release */ = {
			isa = XCBuildConfiguration;
			baseConfigurationReference = 579AAC03B8C4A81B2723DAC7 /* Pods-AlamofireDemo.release.xcconfig */;
			buildSettings = {
				ASSETCATALOG_COMPILER_APPICON_NAME = AppIcon;
				DEVELOPMENT_TEAM = "";
				INFOPLIST_FILE = AlamofireDemo/Info.plist;
				IPHONEOS_DEPLOYMENT_TARGET = 9.0;
				LD_RUNPATH_SEARCH_PATHS = "$(inherited) @executable_path/Frameworks";
				PRODUCT_BUNDLE_IDENTIFIER = baoxin.AlamofireDemo;
				PRODUCT_NAME = "$(TARGET_NAME)";
				SWIFT_VERSION = 3.0;
				TARGETED_DEVICE_FAMILY = "1,2";
			};
			name = Release;
		};
/* End XCBuildConfiguration section */

/* Begin XCConfigurationList section */
		18AEDCE21DBF382F0068F83F /* Build configuration list for PBXProject "AlamofireDemo" */ = {
			isa = XCConfigurationList;
			buildConfigurations = (
				18AEDCF71DBF382F0068F83F /* Debug */,
				18AEDCF81DBF382F0068F83F /* Release */,
			);
			defaultConfigurationIsVisible = 0;
			defaultConfigurationName = Release;
		};
		18AEDCF91DBF382F0068F83F /* Build configuration list for PBXNativeTarget "AlamofireDemo" */ = {
			isa = XCConfigurationList;
			buildConfigurations = (
				18AEDCFA1DBF382F0068F83F /* Debug */,
				18AEDCFB1DBF382F0068F83F /* Release */,
			);
			defaultConfigurationIsVisible = 0;
			defaultConfigurationName = Release;
		};
/* End XCConfigurationList section */
	};
	rootObject = 18AEDCDF1DBF382F0068F83F /* Project object */;
}
